
Microsoft Visual Studio Solution File, Format Version 12.00
# Visual Studio Version 16
VisualStudioVersion = 16.0.30320.27
MinimumVisualStudioVersion = 10.0.40219.1
Project("{9A19103F-16F7-4668-BE54-9A1E7A4F7556}") = "archivesystemDomain", "archivesystemDomain\archivesystemDomain.csproj", "{DFFC3D6E-004F-411F-ADDF-89544E0BF227}"
EndProject
Project("{FAE04EC0-301F-11D3-BF4B-00C04F79EFBC}") = "archivesystemWebUI", "archivesystemWebUI\archivesystemWebUI.csproj", "{3BE0811D-C973-4A13-8174-93A5AF7C396C}"
EndProject
Project("{FAE04EC0-301F-11D3-BF4B-00C04F79EFBC}") = "archivesystemApp.UnitTests", "..\..\..\..\..\..\source\repos\archive-system\archivesystemApp\archivesystemApp.UnitTests\archivesystemApp.UnitTests.csproj", "{67330A3A-DB1A-43D3-B429-5ED6CEC7AD39}"
EndProject
Global
	GlobalSection(SolutionConfigurationPlatforms) = preSolution
		Debug|Any CPU = Debug|Any CPU
		Release|Any CPU = Release|Any CPU
	EndGlobalSection
	GlobalSection(ProjectConfigurationPlatforms) = postSolution
		{DFFC3D6E-004F-411F-ADDF-89544E0BF227}.Debug|Any CPU.ActiveCfg = Debug|Any CPU
		{DFFC3D6E-004F-411F-ADDF-89544E0BF227}.Debug|Any CPU.Build.0 = Debug|Any CPU
		{DFFC3D6E-004F-411F-ADDF-89544E0BF227}.Release|Any CPU.ActiveCfg = Release|Any CPU
		{DFFC3D6E-004F-411F-ADDF-89544E0BF227}.Release|Any CPU.Build.0 = Release|Any CPU
		{3BE0811D-C973-4A13-8174-93A5AF7C396C}.Debug|Any CPU.ActiveCfg = Debug|Any CPU
		{3BE0811D-C973-4A13-8174-93A5AF7C396C}.Debug|Any CPU.Build.0 = Debug|Any CPU
		{3BE0811D-C973-4A13-8174-93A5AF7C396C}.Release|Any CPU.ActiveCfg = Release|Any CPU
		{3BE0811D-C973-4A13-8174-93A5AF7C396C}.Release|Any CPU.Build.0 = Release|Any CPU
		{67330A3A-DB1A-43D3-B429-5ED6CEC7AD39}.Debug|Any CPU.ActiveCfg = Debug|Any CPU
		{67330A3A-DB1A-43D3-B429-5ED6CEC7AD39}.Debug|Any CPU.Build.0 = Debug|Any CPU
		{67330A3A-DB1A-43D3-B429-5ED6CEC7AD39}.Release|Any CPU.ActiveCfg = Release|Any CPU
		{67330A3A-DB1A-43D3-B429-5ED6CEC7AD39}.Release|Any CPU.Build.0 = Release|Any CPU
	EndGlobalSection
	GlobalSection(SolutionProperties) = preSolution
		HideSolutionNode = FALSE
	EndGlobalSection
	GlobalSection(ExtensibilityGlobals) = postSolution
		SolutionGuid = {016E3EAF-FC7B-4640-B86B-A8AAF8A17314}
	EndGlobalSection
EndGlobal
